
Microsoft Visual Studio Solution File, Format Version 12.00
# Visual Studio Version 17
VisualStudioVersion = 17.5.002.0
MinimumVisualStudioVersion = 10.0.40219.1
Project("{9A19103F-16F7-4668-BE54-9A1E7A4F7556}") = "Homework_C#", "Homework_C#.csproj", "{D8F83BC6-CC43-48C9-A5F7-CF22022B720C}"
EndProject
Global
	GlobalSection(SolutionConfigurationPlatforms) = preSolution
		Debug|Any CPU = Debug|Any CPU
		Release|Any CPU = Release|Any CPU
	EndGlobalSection
	GlobalSection(ProjectConfigurationPlatforms) = postSolution
		{D8F83BC6-CC43-48C9-A5F7-CF22022B720C}.Debug|Any CPU.ActiveCfg = Debug|Any CPU
		{D8F83BC6-CC43-48C9-A5F7-CF22022B720C}.Debug|Any CPU.Build.0 = Debug|Any CPU
		{D8F83BC6-CC43-48C9-A5F7-CF22022B720C}.Release|Any CPU.ActiveCfg = Release|Any CPU
		{D8F83BC6-CC43-48C9-A5F7-CF22022B720C}.Release|Any CPU.Build.0 = Release|Any CPU
	EndGlobalSection
	GlobalSection(SolutionProperties) = preSolution
		HideSolutionNode = FALSE
	EndGlobalSection
	GlobalSection(ExtensibilityGlobals) = postSolution
		SolutionGuid = {5CD2A589-37E2-4862-B925-8570233C294A}
	EndGlobalSection
EndGlobal
